
Microsoft Visual Studio Solution File, Format Version 12.00
# Visual Studio 15
VisualStudioVersion = 15.0.28307.421
MinimumVisualStudioVersion = 10.0.40219.1
Project("{9A19103F-16F7-4668-BE54-9A1E7A4F7556}") = "NetCoreMentoring", "NetCoreMentoring\NetCoreMentoring.csproj", "{98F4F771-481C-4FE8-A25D-B24EEF71B9E5}"
EndProject
Project("{2150E333-8FDC-42A3-9474-1A3956D46DE8}") = "Data", "Data", "{F0CB5076-7B6E-42F7-9BD4-DDC1823EF856}"
EndProject
Project("{9A19103F-16F7-4668-BE54-9A1E7A4F7556}") = "NetCoreProject.Data", "NetCoreProject.Data\NetCoreProject.Data.csproj", "{B90BFE3E-D812-49E5-807D-D705FFD6A058}"
EndProject
Project("{9A19103F-16F7-4668-BE54-9A1E7A4F7556}") = "NetCoreProject.Data.Common", "NetCoreProject.Data.Common\NetCoreProject.Data.Common.csproj", "{7DDF382D-99E2-43DA-81F7-190B0E056F79}"
EndProject
Project("{2150E333-8FDC-42A3-9474-1A3956D46DE8}") = "Domain", "Domain", "{E9B11EDF-FD06-441C-BC40-2F392718C0FF}"
EndProject
Project("{9A19103F-16F7-4668-BE54-9A1E7A4F7556}") = "NetCoreProject.Domain", "NetCoreProject.Domain\NetCoreProject.Domain.csproj", "{6D57174C-46A4-43CF-B118-437731D7EB24}"
EndProject
Project("{2150E333-8FDC-42A3-9474-1A3956D46DE8}") = "Common", "Common", "{3291B9EF-9004-44F4-9E5E-05F5D5577ED5}"
EndProject
Project("{9A19103F-16F7-4668-BE54-9A1E7A4F7556}") = "NetCoreProject.Common", "NetCoreProject.Common\NetCoreProject.Common.csproj", "{3507C530-F47D-47E8-9F6A-ACB7776518FE}"
EndProject
Project("{2150E333-8FDC-42A3-9474-1A3956D46DE8}") = "Tests", "Tests", "{FB848A20-1239-4597-B160-799AB80DF676}"
EndProject
Project("{9A19103F-16F7-4668-BE54-9A1E7A4F7556}") = "NetCoreMentoring.Tests", "NetCoreMentoring.Tests\NetCoreMentoring.Tests.csproj", "{625C4CCA-C8D3-43A6-80BB-30E9579EA25C}"
EndProject
Project("{9A19103F-16F7-4668-BE54-9A1E7A4F7556}") = "NetCoreWebApi", "NetCoreWebApi\NetCoreWebApi.csproj", "{89034CAA-21CF-42DB-8130-EA74BA579C37}"
EndProject
Project("{9A19103F-16F7-4668-BE54-9A1E7A4F7556}") = "NetCoreWebApiClient", "NetCoreWebApiClient\NetCoreWebApiClient.csproj", "{6E22A8E8-BFFA-4EE1-AE7C-05A7B4EDD343}"
EndProject
Project("{2150E333-8FDC-42A3-9474-1A3956D46DE8}") = "WebApiTests", "WebApiTests", "{F723FF6F-4323-40D7-BC4A-59151E179FE2}"
EndProject
Project("{FAE04EC0-301F-11D3-BF4B-00C04F79EFBC}") = "NetCoreWebApiTestClient", "NetCoreWebApiTestClient\NetCoreWebApiTestClient.csproj", "{2FA963E2-06B8-4E92-8E22-017860344F4D}"
EndProject
Global
	GlobalSection(SolutionConfigurationPlatforms) = preSolution
		Debug|Any CPU = Debug|Any CPU
		Release|Any CPU = Release|Any CPU
	EndGlobalSection
	GlobalSection(ProjectConfigurationPlatforms) = postSolution
		{98F4F771-481C-4FE8-A25D-B24EEF71B9E5}.Debug|Any CPU.ActiveCfg = Debug|Any CPU
		{98F4F771-481C-4FE8-A25D-B24EEF71B9E5}.Debug|Any CPU.Build.0 = Debug|Any CPU
		{98F4F771-481C-4FE8-A25D-B24EEF71B9E5}.Release|Any CPU.ActiveCfg = Release|Any CPU
		{98F4F771-481C-4FE8-A25D-B24EEF71B9E5}.Release|Any CPU.Build.0 = Release|Any CPU
		{B90BFE3E-D812-49E5-807D-D705FFD6A058}.Debug|Any CPU.ActiveCfg = Debug|Any CPU
		{B90BFE3E-D812-49E5-807D-D705FFD6A058}.Debug|Any CPU.Build.0 = Debug|Any CPU
		{B90BFE3E-D812-49E5-807D-D705FFD6A058}.Release|Any CPU.ActiveCfg = Release|Any CPU
		{B90BFE3E-D812-49E5-807D-D705FFD6A058}.Release|Any CPU.Build.0 = Release|Any CPU
		{7DDF382D-99E2-43DA-81F7-190B0E056F79}.Debug|Any CPU.ActiveCfg = Debug|Any CPU
		{7DDF382D-99E2-43DA-81F7-190B0E056F79}.Debug|Any CPU.Build.0 = Debug|Any CPU
		{7DDF382D-99E2-43DA-81F7-190B0E056F79}.Release|Any CPU.ActiveCfg = Release|Any CPU
		{7DDF382D-99E2-43DA-81F7-190B0E056F79}.Release|Any CPU.Build.0 = Release|Any CPU
		{6D57174C-46A4-43CF-B118-437731D7EB24}.Debug|Any CPU.ActiveCfg = Debug|Any CPU
		{6D57174C-46A4-43CF-B118-437731D7EB24}.Debug|Any CPU.Build.0 = Debug|Any CPU
		{6D57174C-46A4-43CF-B118-437731D7EB24}.Release|Any CPU.ActiveCfg = Release|Any CPU
		{6D57174C-46A4-43CF-B118-437731D7EB24}.Release|Any CPU.Build.0 = Release|Any CPU
		{3507C530-F47D-47E8-9F6A-ACB7776518FE}.Debug|Any CPU.ActiveCfg = Debug|Any CPU
		{3507C530-F47D-47E8-9F6A-ACB7776518FE}.Debug|Any CPU.Build.0 = Debug|Any CPU
		{3507C530-F47D-47E8-9F6A-ACB7776518FE}.Release|Any CPU.ActiveCfg = Release|Any CPU
		{3507C530-F47D-47E8-9F6A-ACB7776518FE}.Release|Any CPU.Build.0 = Release|Any CPU
		{625C4CCA-C8D3-43A6-80BB-30E9579EA25C}.Debug|Any CPU.ActiveCfg = Debug|Any CPU
		{625C4CCA-C8D3-43A6-80BB-30E9579EA25C}.Debug|Any CPU.Build.0 = Debug|Any CPU
		{625C4CCA-C8D3-43A6-80BB-30E9579EA25C}.Release|Any CPU.ActiveCfg = Release|Any CPU
		{625C4CCA-C8D3-43A6-80BB-30E9579EA25C}.Release|Any CPU.Build.0 = Release|Any CPU
		{89034CAA-21CF-42DB-8130-EA74BA579C37}.Debug|Any CPU.ActiveCfg = Debug|Any CPU
		{89034CAA-21CF-42DB-8130-EA74BA579C37}.Debug|Any CPU.Build.0 = Debug|Any CPU
		{89034CAA-21CF-42DB-8130-EA74BA579C37}.Release|Any CPU.ActiveCfg = Release|Any CPU
		{89034CAA-21CF-42DB-8130-EA74BA579C37}.Release|Any CPU.Build.0 = Release|Any CPU
		{6E22A8E8-BFFA-4EE1-AE7C-05A7B4EDD343}.Debug|Any CPU.ActiveCfg = Debug|Any CPU
		{6E22A8E8-BFFA-4EE1-AE7C-05A7B4EDD343}.Debug|Any CPU.Build.0 = Debug|Any CPU
		{6E22A8E8-BFFA-4EE1-AE7C-05A7B4EDD343}.Release|Any CPU.ActiveCfg = Release|Any CPU
		{6E22A8E8-BFFA-4EE1-AE7C-05A7B4EDD343}.Release|Any CPU.Build.0 = Release|Any CPU
		{2FA963E2-06B8-4E92-8E22-017860344F4D}.Debug|Any CPU.ActiveCfg = Debug|Any CPU
		{2FA963E2-06B8-4E92-8E22-017860344F4D}.Debug|Any CPU.Build.0 = Debug|Any CPU
		{2FA963E2-06B8-4E92-8E22-017860344F4D}.Release|Any CPU.ActiveCfg = Release|Any CPU
		{2FA963E2-06B8-4E92-8E22-017860344F4D}.Release|Any CPU.Build.0 = Release|Any CPU
	EndGlobalSection
	GlobalSection(SolutionProperties) = preSolution
		HideSolutionNode = FALSE
	EndGlobalSection
	GlobalSection(NestedProjects) = preSolution
		{B90BFE3E-D812-49E5-807D-D705FFD6A058} = {F0CB5076-7B6E-42F7-9BD4-DDC1823EF856}
		{7DDF382D-99E2-43DA-81F7-190B0E056F79} = {F0CB5076-7B6E-42F7-9BD4-DDC1823EF856}
		{6D57174C-46A4-43CF-B118-437731D7EB24} = {E9B11EDF-FD06-441C-BC40-2F392718C0FF}
		{3507C530-F47D-47E8-9F6A-ACB7776518FE} = {3291B9EF-9004-44F4-9E5E-05F5D5577ED5}
		{625C4CCA-C8D3-43A6-80BB-30E9579EA25C} = {FB848A20-1239-4597-B160-799AB80DF676}
		{F723FF6F-4323-40D7-BC4A-59151E179FE2} = {FB848A20-1239-4597-B160-799AB80DF676}
		{2FA963E2-06B8-4E92-8E22-017860344F4D} = {F723FF6F-4323-40D7-BC4A-59151E179FE2}
	EndGlobalSection
	GlobalSection(ExtensibilityGlobals) = postSolution
		SolutionGuid = {52641575-6864-4DB6-BCA5-78F5FA5E3777}
	EndGlobalSection
EndGlobal
